
Microsoft Visual Studio Solution File, Format Version 12.00
# Visual Studio Version 17
VisualStudioVersion = 17.11.35303.130
MinimumVisualStudioVersion = 10.0.40219.1
Project("{2150E333-8FDC-42A3-9474-1A3956D46DE8}") = "Task0", "Task0", "{437DD274-EAA7-4B18-9EBA-4959052BA5B5}"
EndProject
Project("{9A19103F-16F7-4668-BE54-9A1E7A4F7556}") = "Tyuiu.SimonovMA.Sprint2.Task0.V23", "Tyuiu.SimonovMA.Sprint2.Task0.V23\Tyuiu.SimonovMA.Sprint2.Task0.V23.csproj", "{E6D5E9A3-AC40-494E-867A-5F738191908B}"
EndProject
Project("{9A19103F-16F7-4668-BE54-9A1E7A4F7556}") = "Tyuiu.SimonovMA.Sprint2.Task0.V23.Lib", "Tyuiu.SimonovMA.Sprint2.Task0.V23.Lib\Tyuiu.SimonovMA.Sprint2.Task0.V23.Lib.csproj", "{0FD34AC3-1E6A-46C6-8782-9BAB5FA0674F}"
EndProject
Project("{9A19103F-16F7-4668-BE54-9A1E7A4F7556}") = "Tyuiu.SimonovMA.Sprint2.Task0.V23.Test", "Tyuiu.SimonovMA.Sprint2.Task0.V23.Test\Tyuiu.SimonovMA.Sprint2.Task0.V23.Test.csproj", "{EDEBE3BE-1923-4365-A53D-78DDBAA89919}"
EndProject
Project("{2150E333-8FDC-42A3-9474-1A3956D46DE8}") = "Task1", "Task1", "{A9140415-8FFF-4597-B702-0C13F6194B9F}"
EndProject
Project("{9A19103F-16F7-4668-BE54-9A1E7A4F7556}") = "Tyuiu.SimonovMA.Sprint2.Task1.V26", "Tyuiu.SimonovMA.Sprint2.Task1.V26\Tyuiu.SimonovMA.Sprint2.Task1.V26.csproj", "{102CA03B-28B8-4C5F-BE62-0561E4AFD878}"
EndProject
Project("{9A19103F-16F7-4668-BE54-9A1E7A4F7556}") = "Tyuiu.SimonovMA.Sprint2.Task1.V26.Lib", "Tyuiu.SimonovMA.Sprint2.Task1.V26.Lib\Tyuiu.SimonovMA.Sprint2.Task1.V26.Lib.csproj", "{9DACBB1D-9AE0-4769-824F-6E074D43F621}"
EndProject
Project("{9A19103F-16F7-4668-BE54-9A1E7A4F7556}") = "Tyuiu.SimonovMA.Sprint2.Task1.V26.Test", "Tyuiu.SimonovMA.Sprint2.Task1.V26.Test\Tyuiu.SimonovMA.Sprint2.Task1.V26.Test.csproj", "{CA2A3251-0112-4A68-9C4C-0FAC0FA79219}"
EndProject
Project("{2150E333-8FDC-42A3-9474-1A3956D46DE8}") = "Task2", "Task2", "{0F486BEB-3023-4DA6-979A-A2D5C88E996B}"
EndProject
Project("{9A19103F-16F7-4668-BE54-9A1E7A4F7556}") = "Tyuiu.SimonovMA.Sprint2.Task2.V30", "Tyuiu.SimonovMA.Sprint2.Task2.V30\Tyuiu.SimonovMA.Sprint2.Task2.V30.csproj", "{33577D1D-1668-40A1-BA7B-02F77E1B98F8}"
EndProject
Project("{9A19103F-16F7-4668-BE54-9A1E7A4F7556}") = "Tyuiu.SimonovMA.Sprint2.Task2.V30.Lib", "Tyuiu.SimonovMA.Sprint2.Task2.V30.Lib\Tyuiu.SimonovMA.Sprint2.Task2.V30.Lib.csproj", "{48480E2B-049F-4007-8C48-0A930364974C}"
EndProject
Project("{9A19103F-16F7-4668-BE54-9A1E7A4F7556}") = "Tyuiu.SimonovMA.Sprint2.Task2.V30.Test", "Tyuiu.SimonovMA.Sprint2.Task2.V30.Test\Tyuiu.SimonovMA.Sprint2.Task2.V30.Test.csproj", "{4C0ACAC6-4AB2-4137-996B-6246900DE3A2}"
EndProject
Project("{2150E333-8FDC-42A3-9474-1A3956D46DE8}") = "Task3", "Task3", "{B53B4A82-E231-4B53-A507-9E3C6D33C266}"
EndProject
Project("{9A19103F-16F7-4668-BE54-9A1E7A4F7556}") = "Tyuiu.SimonovMA.Sprint2.Task3.V2", "Tyuiu.SimonovMA.Sprint2.Task3.V2\Tyuiu.SimonovMA.Sprint2.Task3.V2.csproj", "{C6EFB202-A4AF-4958-960A-EC1E675B3154}"
EndProject
Project("{9A19103F-16F7-4668-BE54-9A1E7A4F7556}") = "Tyuiu.SimonovMA.Sprint2.Task3.V2.Lib", "Tyuiu.SimonovMA.Sprint2.Task3.V2.Lib\Tyuiu.SimonovMA.Sprint2.Task3.V2.Lib.csproj", "{0131625E-DE10-480B-AFE6-AC1DA416BDED}"
EndProject
Project("{9A19103F-16F7-4668-BE54-9A1E7A4F7556}") = "Tyuiu.SimonovMA.Sprint2.Task3.V2.Test", "Tyuiu.SimonovMA.Sprint2.Task3.V2.Test\Tyuiu.SimonovMA.Sprint2.Task3.V2.Test.csproj", "{9431F04A-1E70-4193-A670-9F43BE4900F9}"
EndProject
Project("{2150E333-8FDC-42A3-9474-1A3956D46DE8}") = "Task4", "Task4", "{266C63F8-C147-431B-A0C8-21869F5F80A2}"
EndProject
Project("{FAE04EC0-301F-11D3-BF4B-00C04F79EFBC}") = "Tyuiu.SimonovMA.Sprint2.Task4.V16", "Tyuiu.SimonovMA.Sprint2.Task4.V16\Tyuiu.SimonovMA.Sprint2.Task4.V16.csproj", "{F8DD1F5B-8EDD-4E54-93DE-EFC6FD53116C}"
EndProject
Project("{FAE04EC0-301F-11D3-BF4B-00C04F79EFBC}") = "Tyuiu.SimonovMA.Sprint2.Task4.V16.Lib", "Tyuiu.SimonovMA.Sprint2.Task4.V16.Lib\Tyuiu.SimonovMA.Sprint2.Task4.V16.Lib.csproj", "{678A803E-3C9D-4AC0-AB1F-913307C29AD3}"
EndProject
Project("{FAE04EC0-301F-11D3-BF4B-00C04F79EFBC}") = "Tyuiu.SimonovMA.Sprint2.Task4.V16.Test", "Tyuiu.SimonovMA.Sprint2.Task4.V16.Test\Tyuiu.SimonovMA.Sprint2.Task4.V16.Test.csproj", "{458B03F7-0444-4E46-82C9-3810F3D5D70C}"
EndProject
Project("{2150E333-8FDC-42A3-9474-1A3956D46DE8}") = "Task5", "Task5", "{407686F6-DC4E-45A1-B653-871A9201CCDA}"
EndProject
Project("{FAE04EC0-301F-11D3-BF4B-00C04F79EFBC}") = "Tyuiu.SimonovMA.Sprint2.Task5.V3", "Tyuiu.SimonovMA.Sprint2.Task5.V3\Tyuiu.SimonovMA.Sprint2.Task5.V3.csproj", "{5D48DEAE-83FD-41FF-816A-8951C1AF8DD5}"
EndProject
Project("{FAE04EC0-301F-11D3-BF4B-00C04F79EFBC}") = "Tyuiu.SimonovMA.Sprint2.Task5.V3.Lib", "Tyuiu.SimonovMA.Sprint2.Task5.V3.Lib\Tyuiu.SimonovMA.Sprint2.Task5.V3.Lib.csproj", "{9F1E93DD-07A0-4E40-9327-57A23DC28730}"
EndProject
Project("{FAE04EC0-301F-11D3-BF4B-00C04F79EFBC}") = "Tyuiu.SimonovMA.Sprint2.Task5.V3.Test", "Tyuiu.SimonovMA.Sprint2.Task5.V3.Test\Tyuiu.SimonovMA.Sprint2.Task5.V3.Test.csproj", "{34759763-8C40-4E58-8C1A-5B26D909C804}"
EndProject
Global
	GlobalSection(SolutionConfigurationPlatforms) = preSolution
		Debug|Any CPU = Debug|Any CPU
		Release|Any CPU = Release|Any CPU
	EndGlobalSection
	GlobalSection(ProjectConfigurationPlatforms) = postSolution
		{E6D5E9A3-AC40-494E-867A-5F738191908B}.Debug|Any CPU.ActiveCfg = Debug|Any CPU
		{E6D5E9A3-AC40-494E-867A-5F738191908B}.Debug|Any CPU.Build.0 = Debug|Any CPU
		{E6D5E9A3-AC40-494E-867A-5F738191908B}.Release|Any CPU.ActiveCfg = Release|Any CPU
		{E6D5E9A3-AC40-494E-867A-5F738191908B}.Release|Any CPU.Build.0 = Release|Any CPU
		{0FD34AC3-1E6A-46C6-8782-9BAB5FA0674F}.Debug|Any CPU.ActiveCfg = Debug|Any CPU
		{0FD34AC3-1E6A-46C6-8782-9BAB5FA0674F}.Debug|Any CPU.Build.0 = Debug|Any CPU
		{0FD34AC3-1E6A-46C6-8782-9BAB5FA0674F}.Release|Any CPU.ActiveCfg = Release|Any CPU
		{0FD34AC3-1E6A-46C6-8782-9BAB5FA0674F}.Release|Any CPU.Build.0 = Release|Any CPU
		{EDEBE3BE-1923-4365-A53D-78DDBAA89919}.Debug|Any CPU.ActiveCfg = Debug|Any CPU
		{EDEBE3BE-1923-4365-A53D-78DDBAA89919}.Debug|Any CPU.Build.0 = Debug|Any CPU
		{EDEBE3BE-1923-4365-A53D-78DDBAA89919}.Release|Any CPU.ActiveCfg = Release|Any CPU
		{EDEBE3BE-1923-4365-A53D-78DDBAA89919}.Release|Any CPU.Build.0 = Release|Any CPU
		{102CA03B-28B8-4C5F-BE62-0561E4AFD878}.Debug|Any CPU.ActiveCfg = Debug|Any CPU
		{102CA03B-28B8-4C5F-BE62-0561E4AFD878}.Debug|Any CPU.Build.0 = Debug|Any CPU
		{102CA03B-28B8-4C5F-BE62-0561E4AFD878}.Release|Any CPU.ActiveCfg = Release|Any CPU
		{102CA03B-28B8-4C5F-BE62-0561E4AFD878}.Release|Any CPU.Build.0 = Release|Any CPU
		{9DACBB1D-9AE0-4769-824F-6E074D43F621}.Debug|Any CPU.ActiveCfg = Debug|Any CPU
		{9DACBB1D-9AE0-4769-824F-6E074D43F621}.Debug|Any CPU.Build.0 = Debug|Any CPU
		{9DACBB1D-9AE0-4769-824F-6E074D43F621}.Release|Any CPU.ActiveCfg = Release|Any CPU
		{9DACBB1D-9AE0-4769-824F-6E074D43F621}.Release|Any CPU.Build.0 = Release|Any CPU
		{CA2A3251-0112-4A68-9C4C-0FAC0FA79219}.Debug|Any CPU.ActiveCfg = Debug|Any CPU
		{CA2A3251-0112-4A68-9C4C-0FAC0FA79219}.Debug|Any CPU.Build.0 = Debug|Any CPU
		{CA2A3251-0112-4A68-9C4C-0FAC0FA79219}.Release|Any CPU.ActiveCfg = Release|Any CPU
		{CA2A3251-0112-4A68-9C4C-0FAC0FA79219}.Release|Any CPU.Build.0 = Release|Any CPU
		{33577D1D-1668-40A1-BA7B-02F77E1B98F8}.Debug|Any CPU.ActiveCfg = Debug|Any CPU
		{33577D1D-1668-40A1-BA7B-02F77E1B98F8}.Debug|Any CPU.Build.0 = Debug|Any CPU
		{33577D1D-1668-40A1-BA7B-02F77E1B98F8}.Release|Any CPU.ActiveCfg = Release|Any CPU
		{33577D1D-1668-40A1-BA7B-02F77E1B98F8}.Release|Any CPU.Build.0 = Release|Any CPU
		{48480E2B-049F-4007-8C48-0A930364974C}.Debug|Any CPU.ActiveCfg = Debug|Any CPU
		{48480E2B-049F-4007-8C48-0A930364974C}.Debug|Any CPU.Build.0 = Debug|Any CPU
		{48480E2B-049F-4007-8C48-0A930364974C}.Release|Any CPU.ActiveCfg = Release|Any CPU
		{48480E2B-049F-4007-8C48-0A930364974C}.Release|Any CPU.Build.0 = Release|Any CPU
		{4C0ACAC6-4AB2-4137-996B-6246900DE3A2}.Debug|Any CPU.ActiveCfg = Debug|Any CPU
		{4C0ACAC6-4AB2-4137-996B-6246900DE3A2}.Debug|Any CPU.Build.0 = Debug|Any CPU
		{4C0ACAC6-4AB2-4137-996B-6246900DE3A2}.Release|Any CPU.ActiveCfg = Release|Any CPU
		{4C0ACAC6-4AB2-4137-996B-6246900DE3A2}.Release|Any CPU.Build.0 = Release|Any CPU
		{C6EFB202-A4AF-4958-960A-EC1E675B3154}.Debug|Any CPU.ActiveCfg = Debug|Any CPU
		{C6EFB202-A4AF-4958-960A-EC1E675B3154}.Debug|Any CPU.Build.0 = Debug|Any CPU
		{C6EFB202-A4AF-4958-960A-EC1E675B3154}.Release|Any CPU.ActiveCfg = Release|Any CPU
		{C6EFB202-A4AF-4958-960A-EC1E675B3154}.Release|Any CPU.Build.0 = Release|Any CPU
		{0131625E-DE10-480B-AFE6-AC1DA416BDED}.Debug|Any CPU.ActiveCfg = Debug|Any CPU
		{0131625E-DE10-480B-AFE6-AC1DA416BDED}.Debug|Any CPU.Build.0 = Debug|Any CPU
		{0131625E-DE10-480B-AFE6-AC1DA416BDED}.Release|Any CPU.ActiveCfg = Release|Any CPU
		{0131625E-DE10-480B-AFE6-AC1DA416BDED}.Release|Any CPU.Build.0 = Release|Any CPU
		{9431F04A-1E70-4193-A670-9F43BE4900F9}.Debug|Any CPU.ActiveCfg = Debug|Any CPU
		{9431F04A-1E70-4193-A670-9F43BE4900F9}.Debug|Any CPU.Build.0 = Debug|Any CPU
		{9431F04A-1E70-4193-A670-9F43BE4900F9}.Release|Any CPU.ActiveCfg = Release|Any CPU
		{9431F04A-1E70-4193-A670-9F43BE4900F9}.Release|Any CPU.Build.0 = Release|Any CPU
		{F8DD1F5B-8EDD-4E54-93DE-EFC6FD53116C}.Debug|Any CPU.ActiveCfg = Debug|Any CPU
		{F8DD1F5B-8EDD-4E54-93DE-EFC6FD53116C}.Debug|Any CPU.Build.0 = Debug|Any CPU
		{F8DD1F5B-8EDD-4E54-93DE-EFC6FD53116C}.Release|Any CPU.ActiveCfg = Release|Any CPU
		{F8DD1F5B-8EDD-4E54-93DE-EFC6FD53116C}.Release|Any CPU.Build.0 = Release|Any CPU
		{678A803E-3C9D-4AC0-AB1F-913307C29AD3}.Debug|Any CPU.ActiveCfg = Debug|Any CPU
		{678A803E-3C9D-4AC0-AB1F-913307C29AD3}.Debug|Any CPU.Build.0 = Debug|Any CPU
		{678A803E-3C9D-4AC0-AB1F-913307C29AD3}.Release|Any CPU.ActiveCfg = Release|Any CPU
		{678A803E-3C9D-4AC0-AB1F-913307C29AD3}.Release|Any CPU.Build.0 = Release|Any CPU
		{458B03F7-0444-4E46-82C9-3810F3D5D70C}.Debug|Any CPU.ActiveCfg = Debug|Any CPU
		{458B03F7-0444-4E46-82C9-3810F3D5D70C}.Debug|Any CPU.Build.0 = Debug|Any CPU
		{458B03F7-0444-4E46-82C9-3810F3D5D70C}.Release|Any CPU.ActiveCfg = Release|Any CPU
		{458B03F7-0444-4E46-82C9-3810F3D5D70C}.Release|Any CPU.Build.0 = Release|Any CPU
		{5D48DEAE-83FD-41FF-816A-8951C1AF8DD5}.Debug|Any CPU.ActiveCfg = Debug|Any CPU
		{5D48DEAE-83FD-41FF-816A-8951C1AF8DD5}.Debug|Any CPU.Build.0 = Debug|Any CPU
		{5D48DEAE-83FD-41FF-816A-8951C1AF8DD5}.Release|Any CPU.ActiveCfg = Release|Any CPU
		{5D48DEAE-83FD-41FF-816A-8951C1AF8DD5}.Release|Any CPU.Build.0 = Release|Any CPU
		{9F1E93DD-07A0-4E40-9327-57A23DC28730}.Debug|Any CPU.ActiveCfg = Debug|Any CPU
		{9F1E93DD-07A0-4E40-9327-57A23DC28730}.Debug|Any CPU.Build.0 = Debug|Any CPU
		{9F1E93DD-07A0-4E40-9327-57A23DC28730}.Release|Any CPU.ActiveCfg = Release|Any CPU
		{9F1E93DD-07A0-4E40-9327-57A23DC28730}.Release|Any CPU.Build.0 = Release|Any CPU
		{34759763-8C40-4E58-8C1A-5B26D909C804}.Debug|Any CPU.ActiveCfg = Debug|Any CPU
		{34759763-8C40-4E58-8C1A-5B26D909C804}.Debug|Any CPU.Build.0 = Debug|Any CPU
		{34759763-8C40-4E58-8C1A-5B26D909C804}.Release|Any CPU.ActiveCfg = Release|Any CPU
		{34759763-8C40-4E58-8C1A-5B26D909C804}.Release|Any CPU.Build.0 = Release|Any CPU
	EndGlobalSection
	GlobalSection(SolutionProperties) = preSolution
		HideSolutionNode = FALSE
	EndGlobalSection
	GlobalSection(NestedProjects) = preSolution
		{E6D5E9A3-AC40-494E-867A-5F738191908B} = {437DD274-EAA7-4B18-9EBA-4959052BA5B5}
		{0FD34AC3-1E6A-46C6-8782-9BAB5FA0674F} = {437DD274-EAA7-4B18-9EBA-4959052BA5B5}
		{EDEBE3BE-1923-4365-A53D-78DDBAA89919} = {437DD274-EAA7-4B18-9EBA-4959052BA5B5}
		{102CA03B-28B8-4C5F-BE62-0561E4AFD878} = {A9140415-8FFF-4597-B702-0C13F6194B9F}
		{9DACBB1D-9AE0-4769-824F-6E074D43F621} = {A9140415-8FFF-4597-B702-0C13F6194B9F}
		{CA2A3251-0112-4A68-9C4C-0FAC0FA79219} = {A9140415-8FFF-4597-B702-0C13F6194B9F}
		{33577D1D-1668-40A1-BA7B-02F77E1B98F8} = {0F486BEB-3023-4DA6-979A-A2D5C88E996B}
		{48480E2B-049F-4007-8C48-0A930364974C} = {0F486BEB-3023-4DA6-979A-A2D5C88E996B}
		{4C0ACAC6-4AB2-4137-996B-6246900DE3A2} = {0F486BEB-3023-4DA6-979A-A2D5C88E996B}
		{C6EFB202-A4AF-4958-960A-EC1E675B3154} = {B53B4A82-E231-4B53-A507-9E3C6D33C266}
		{0131625E-DE10-480B-AFE6-AC1DA416BDED} = {B53B4A82-E231-4B53-A507-9E3C6D33C266}
		{9431F04A-1E70-4193-A670-9F43BE4900F9} = {B53B4A82-E231-4B53-A507-9E3C6D33C266}
		{F8DD1F5B-8EDD-4E54-93DE-EFC6FD53116C} = {266C63F8-C147-431B-A0C8-21869F5F80A2}
		{678A803E-3C9D-4AC0-AB1F-913307C29AD3} = {266C63F8-C147-431B-A0C8-21869F5F80A2}
		{458B03F7-0444-4E46-82C9-3810F3D5D70C} = {266C63F8-C147-431B-A0C8-21869F5F80A2}
		{5D48DEAE-83FD-41FF-816A-8951C1AF8DD5} = {407686F6-DC4E-45A1-B653-871A9201CCDA}
		{9F1E93DD-07A0-4E40-9327-57A23DC28730} = {407686F6-DC4E-45A1-B653-871A9201CCDA}
		{34759763-8C40-4E58-8C1A-5B26D909C804} = {407686F6-DC4E-45A1-B653-871A9201CCDA}
	EndGlobalSection
	GlobalSection(ExtensibilityGlobals) = postSolution
		SolutionGuid = {80DE9647-81AE-4102-9E4D-02524127D455}
	EndGlobalSection
EndGlobal
